
Microsoft Visual Studio Solution File, Format Version 12.00
# Visual Studio Version 17
VisualStudioVersion = 17.3.32825.248
MinimumVisualStudioVersion = 10.0.40219.1
Project("{FAE04EC0-301F-11D3-BF4B-00C04F79EFBC}") = "ShellexMenuEditor", "ShellexMenuEditor\ShellexMenuEditor.csproj", "{EC889CE1-BA56-4A89-B81E-BF03B0007874}"
EndProject
Global
	GlobalSection(SolutionConfigurationPlatforms) = preSolution
		Debug|Any CPU = Debug|Any CPU
		Release|Any CPU = Release|Any CPU
	EndGlobalSection
	GlobalSection(ProjectConfigurationPlatforms) = postSolution
		{EC889CE1-BA56-4A89-B81E-BF03B0007874}.Debug|Any CPU.ActiveCfg = Debug|Any CPU
		{EC889CE1-BA56-4A89-B81E-BF03B0007874}.Debug|Any CPU.Build.0 = Debug|Any CPU
		{EC889CE1-BA56-4A89-B81E-BF03B0007874}.Release|Any CPU.ActiveCfg = Release|Any CPU
		{EC889CE1-BA56-4A89-B81E-BF03B0007874}.Release|Any CPU.Build.0 = Release|Any CPU
	EndGlobalSection
	GlobalSection(SolutionProperties) = preSolution
		HideSolutionNode = FALSE
	EndGlobalSection
	GlobalSection(ExtensibilityGlobals) = postSolution
		SolutionGuid = {BA261378-1B81-4C2F-967C-3956BF6AD595}
	EndGlobalSection
EndGlobal
